
Microsoft Visual Studio Solution File, Format Version 12.00
# Visual Studio Version 17
VisualStudioVersion = 17.2.32616.157
MinimumVisualStudioVersion = 10.0.40219.1
Project("{FAE04EC0-301F-11D3-BF4B-00C04F79EFBC}") = "GradingApp", "GradingApp\GradingApp.csproj", "{89FC287F-ED2F-4456-A136-3B0F6AB57C2F}"
EndProject
Global
	GlobalSection(SolutionConfigurationPlatforms) = preSolution
		Debug|Any CPU = Debug|Any CPU
		Release|Any CPU = Release|Any CPU
	EndGlobalSection
	GlobalSection(ProjectConfigurationPlatforms) = postSolution
		{89FC287F-ED2F-4456-A136-3B0F6AB57C2F}.Debug|Any CPU.ActiveCfg = Debug|Any CPU
		{89FC287F-ED2F-4456-A136-3B0F6AB57C2F}.Debug|Any CPU.Build.0 = Debug|Any CPU
		{89FC287F-ED2F-4456-A136-3B0F6AB57C2F}.Release|Any CPU.ActiveCfg = Release|Any CPU
		{89FC287F-ED2F-4456-A136-3B0F6AB57C2F}.Release|Any CPU.Build.0 = Release|Any CPU
	EndGlobalSection
	GlobalSection(SolutionProperties) = preSolution
		HideSolutionNode = FALSE
	EndGlobalSection
	GlobalSection(ExtensibilityGlobals) = postSolution
		SolutionGuid = {F6AAC17F-B53C-469E-99B0-86F3785AD4FA}
	EndGlobalSection
EndGlobal
